
Microsoft Visual Studio Solution File, Format Version 12.00
# Visual Studio 15
VisualStudioVersion = 15.0.28307.757
MinimumVisualStudioVersion = 10.0.40219.1
Project("{FAE04EC0-301F-11D3-BF4B-00C04F79EFBC}") = "LogicTable", "LogicTable\LogicTable.csproj", "{12609392-09A1-4000-B9E7-B0D148D062B2}"
EndProject
Global
	GlobalSection(SolutionConfigurationPlatforms) = preSolution
		Debug|Any CPU = Debug|Any CPU
		Release|Any CPU = Release|Any CPU
	EndGlobalSection
	GlobalSection(ProjectConfigurationPlatforms) = postSolution
		{12609392-09A1-4000-B9E7-B0D148D062B2}.Debug|Any CPU.ActiveCfg = Debug|Any CPU
		{12609392-09A1-4000-B9E7-B0D148D062B2}.Debug|Any CPU.Build.0 = Debug|Any CPU
		{12609392-09A1-4000-B9E7-B0D148D062B2}.Release|Any CPU.ActiveCfg = Release|Any CPU
		{12609392-09A1-4000-B9E7-B0D148D062B2}.Release|Any CPU.Build.0 = Release|Any CPU
	EndGlobalSection
	GlobalSection(SolutionProperties) = preSolution
		HideSolutionNode = FALSE
	EndGlobalSection
	GlobalSection(ExtensibilityGlobals) = postSolution
		SolutionGuid = {49BD16EC-6905-4708-B2A6-AC5F8E8AEA7E}
	EndGlobalSection
EndGlobal
